// !$*UTF8*$!
{
	archiveVersion = 1;
	classes = {
	};
	objectVersion = 46;
	objects = {

/* Begin PBXBuildFile section */
		F3C9D88E1E291C7700B0F329 /* main.m in Sources */ = {isa = PBXBuildFile; fileRef = F3C9D88D1E291C7700B0F329 /* main.m */; };
		F3C9D8911E291C7700B0F329 /* AppDelegate.m in Sources */ = {isa = PBXBuildFile; fileRef = F3C9D8901E291C7700B0F329 /* AppDelegate.m */; };
		F3C9D8941E291C7700B0F329 /* GameViewController.m in Sources */ = {isa = PBXBuildFile; fileRef = F3C9D8931E291C7700B0F329 /* GameViewController.m */; };
		F3C9D8971E291C7700B0F329 /* Main.storyboard in Resources */ = {isa = PBXBuildFile; fileRef = F3C9D8951E291C7700B0F329 /* Main.storyboard */; };
		F3C9D8991E291C7700B0F329 /* Assets.xcassets in Resources */ = {isa = PBXBuildFile; fileRef = F3C9D8981E291C7700B0F329 /* Assets.xcassets */; };
		F3C9D89C1E291C7700B0F329 /* LaunchScreen.storyboard in Resources */ = {isa = PBXBuildFile; fileRef = F3C9D89A1E291C7700B0F329 /* LaunchScreen.storyboard */; };
		F3FCCE921E2FB1EF004D9575 /* ScoreTableViewController.m in Sources */ = {isa = PBXBuildFile; fileRef = F3FCCE911E2FB1EF004D9575 /* ScoreTableViewController.m */; };
/* End PBXBuildFile section */

/* Begin PBXFileReference section */
		F3C9D8891E291C7700B0F329 /* TapChallengeEX.app */ = {isa = PBXFileReference; explicitFileType = wrapper.application; includeInIndex = 0; path = TapChallengeEX.app; sourceTree = BUILT_PRODUCTS_DIR; };
		F3C9D88D1E291C7700B0F329 /* main.m */ = {isa = PBXFileReference; lastKnownFileType = sourcecode.c.objc; path = main.m; sourceTree = "<group>"; };
		F3C9D88F1E291C7700B0F329 /* AppDelegate.h */ = {isa = PBXFileReference; lastKnownFileType = sourcecode.c.h; path = AppDelegate.h; sourceTree = "<group>"; };
		F3C9D8901E291C7700B0F329 /* AppDelegate.m */ = {isa = PBXFileReference; lastKnownFileType = sourcecode.c.objc; path = AppDelegate.m; sourceTree = "<group>"; };
		F3C9D8921E291C7700B0F329 /* GameViewController.h */ = {isa = PBXFileReference; lastKnownFileType = sourcecode.c.h; path = GameViewController.h; sourceTree = "<group>"; };
		F3C9D8931E291C7700B0F329 /* GameViewController.m */ = {isa = PBXFileReference; lastKnownFileType = sourcecode.c.objc; path = GameViewController.m; sourceTree = "<group>"; };
		F3C9D8961E291C7700B0F329 /* Base */ = {isa = PBXFileReference; lastKnownFileType = file.storyboard; name = Base; path = Base.lproj/Main.storyboard; sourceTree = "<group>"; };
		F3C9D8981E291C7700B0F329 /* Assets.xcassets */ = {isa = PBXFileReference; lastKnownFileType = folder.assetcatalog; path = Assets.xcassets; sourceTree = "<group>"; };
		F3C9D89B1E291C7700B0F329 /* Base */ = {isa = PBXFileReference; lastKnownFileType = file.storyboard; name = Base; path = Base.lproj/LaunchScreen.storyboard; sourceTree = "<group>"; };
		F3C9D89D1E291C7700B0F329 /* Info.plist */ = {isa = PBXFileReference; lastKnownFileType = text.plist.xml; path = Info.plist; sourceTree = "<group>"; };
		F3FCCE901E2FB1EF004D9575 /* ScoreTableViewController.h */ = {isa = PBXFileReference; fileEncoding = 4; lastKnownFileType = sourcecode.c.h; path = ScoreTableViewController.h; sourceTree = "<group>"; };
		F3FCCE911E2FB1EF004D9575 /* ScoreTableViewController.m */ = {isa = PBXFileReference; fileEncoding = 4; lastKnownFileType = sourcecode.c.objc; path = ScoreTableViewController.m; sourceTree = "<group>"; };
/* End PBXFileReference section */

/* Begin PBXFrameworksBuildPhase section */
		F3C9D8861E291C7700B0F329 /* Frameworks */ = {
			isa = PBXFrameworksBuildPhase;
			buildActionMask = 2147483647;
			files = (
			);
			runOnlyForDeploymentPostprocessing = 0;
		};
/* End PBXFrameworksBuildPhase section */

/* Begin PBXGroup section */
		F3C9D8801E291C7700B0F329 = {
			isa = PBXGroup;
			children = (
				F3C9D88B1E291C7700B0F329 /* TapChallengeEX */,
				F3C9D88A1E291C7700B0F329 /* Products */,
			);
			sourceTree = "<group>";
		};
		F3C9D88A1E291C7700B0F329 /* Products */ = {
			isa = PBXGroup;
			children = (
				F3C9D8891E291C7700B0F329 /* TapChallengeEX.app */,
			);
			name = Products;
			sourceTree = "<group>";
		};
		F3C9D88B1E291C7700B0F329 /* TapChallengeEX */ = {
			isa = PBXGroup;
			children = (
				F3C9D88F1E291C7700B0F329 /* AppDelegate.h */,
				F3C9D8901E291C7700B0F329 /* AppDelegate.m */,
				F3C9D8921E291C7700B0F329 /* GameViewController.h */,
				F3C9D8931E291C7700B0F329 /* GameViewController.m */,
				F3FCCE901E2FB1EF004D9575 /* ScoreTableViewController.h */,
				F3FCCE911E2FB1EF004D9575 /* ScoreTableViewController.m */,
				F3C9D8951E291C7700B0F329 /* Main.storyboard */,
				F3C9D8981E291C7700B0F329 /* Assets.xcassets */,
				F3C9D89A1E291C7700B0F329 /* LaunchScreen.storyboard */,
				F3C9D89D1E291C7700B0F329 /* Info.plist */,
				F3C9D88C1E291C7700B0F329 /* Supporting Files */,
			);
			path = TapChallengeEX;
			sourceTree = "<group>";
		};
		F3C9D88C1E291C7700B0F329 /* Supporting Files */ = {
			isa = PBXGroup;
			children = (
				F3C9D88D1E291C7700B0F329 /* main.m */,
			);
			name = "Supporting Files";
			sourceTree = "<group>";
		};
/* End PBXGroup section */

/* Begin PBXNativeTarget section */
		F3C9D8881E291C7700B0F329 /* TapChallengeEX */ = {
			isa = PBXNativeTarget;
			buildConfigurationList = F3C9D8A01E291C7700B0F329 /* Build configuration list for PBXNativeTarget "TapChallengeEX" */;
			buildPhases = (
				F3C9D8851E291C7700B0F329 /* Sources */,
				F3C9D8861E291C7700B0F329 /* Frameworks */,
				F3C9D8871E291C7700B0F329 /* Resources */,
			);
			buildRules = (
			);
			dependencies = (
			);
			name = TapChallengeEX;
			productName = TapChallengeEX;
			productReference = F3C9D8891E291C7700B0F329 /* TapChallengeEX.app */;
			productType = "com.apple.product-type.application";
		};
/* End PBXNativeTarget section */

/* Begin PBXProject section */
		F3C9D8811E291C7700B0F329 /* Project object */ = {
			isa = PBXProject;
			attributes = {
				LastUpgradeCheck = 0820;
				ORGANIZATIONNAME = "Reginato James";
				TargetAttributes = {
					F3C9D8881E291C7700B0F329 = {
						CreatedOnToolsVersion = 8.2.1;
						ProvisioningStyle = Automatic;
					};
				};
			};
			buildConfigurationList = F3C9D8841E291C7700B0F329 /* Build configuration list for PBXProject "TapChallengeEX" */;
			compatibilityVersion = "Xcode 3.2";
			developmentRegion = English;
			hasScannedForEncodings = 0;
			knownRegions = (
				en,
				Base,
			);
			mainGroup = F3C9D8801E291C7700B0F329;
			productRefGroup = F3C9D88A1E291C7700B0F329 /* Products */;
			projectDirPath = "";
			projectRoot = "";
			targets = (
				F3C9D8881E291C7700B0F329 /* TapChallengeEX */,
			);
		};
/* End PBXProject section */

/* Begin PBXResourcesBuildPhase section */
		F3C9D8871E291C7700B0F329 /* Resources */ = {
			isa = PBXResourcesBuildPhase;
			buildActionMask = 2147483647;
			files = (
				F3C9D89C1E291C7700B0F329 /* LaunchScreen.storyboard in Resources */,
				F3C9D8991E291C7700B0F329 /* Assets.xcassets in Resources */,
				F3C9D8971E291C7700B0F329 /* Main.storyboard in Resources */,
			);
			runOnlyForDeploymentPostprocessing = 0;
		};
/* End PBXResourcesBuildPhase section */

/* Begin PBXSourcesBuildPhase section */
		F3C9D8851E291C7700B0F329 /* Sources */ = {
			isa = PBXSourcesBuildPhase;
			buildActionMask = 2147483647;
			files = (
				F3FCCE921E2FB1EF004D9575 /* ScoreTableViewController.m in Sources */,
				F3C9D8941E291C7700B0F329 /* GameViewController.m in Sources */,
				F3C9D8911E291C7700B0F329 /* AppDelegate.m in Sources */,
				F3C9D88E1E291C7700B0F329 /* main.m in Sources */,
			);
			runOnlyForDeploymentPostprocessing = 0;
		};
/* End PBXSourcesBuildPhase section */

/* Begin PBXVariantGroup section */
		F3C9D8951E291C7700B0F329 /* Main.storyboard */ = {
			isa = PBXVariantGroup;
			children = (
				F3C9D8961E291C7700B0F329 /* Base */,
			);
			name = Main.storyboard;
			sourceTree = "<group>";
		};
		F3C9D89A1E291C7700B0F329 /* LaunchScreen.storyboard */ = {
			isa = PBXVariantGroup;
			children = (
				F3C9D89B1E291C7700B0F329 /* Base */,
			);
			name = LaunchScreen.storyboard;
			sourceTree = "<group>";
		};
/* End PBXVariantGroup section */

/* Begin XCBuildConfiguration section */
		F3C9D89E1E291C7700B0F329 /* Debug */ = {
			isa = XCBuildConfiguration;
			buildSettings = {
				ALWAYS_SEARCH_USER_PATHS = NO;
				CLANG_ANALYZER_NONNULL = YES;
				CLANG_CXX_LANGUAGE_STANDARD = "gnu++0x";
				CLANG_CXX_LIBRARY = "libc++";
				CLANG_ENABLE_MODULES = YES;
				CLANG_ENABLE_OBJC_ARC = YES;
				CLANG_WARN_BOOL_CONVERSION = YES;
				CLANG_WARN_CONSTANT_CONVERSION = YES;
				CLANG_WARN_DIRECT_OBJC_ISA_USAGE = YES_ERROR;
				CLANG_WARN_DOCUMENTATION_COMMENTS = YES;
				CLANG_WARN_EMPTY_BODY = YES;
				CLANG_WARN_ENUM_CONVERSION = YES;
				CLANG_WARN_INFINITE_RECURSION = YES;
				CLANG_WARN_INT_CONVERSION = YES;
				CLANG_WARN_OBJC_ROOT_CLASS = YES_ERROR;
				CLANG_WARN_SUSPICIOUS_MOVE = YES;
				CLANG_WARN_UNREACHABLE_CODE = YES;
				CLANG_WARN__DUPLICATE_METHOD_MATCH = YES;
				"CODE_SIGN_IDENTITY[sdk=iphoneos*]" = "iPhone Developer";
				COPY_PHASE_STRIP = NO;
				DEBUG_INFORMATION_FORMAT = dwarf;
				ENABLE_STRICT_OBJC_MSGSEND = YES;
				ENABLE_TESTABILITY = YES;
				GCC_C_LANGUAGE_STANDARD = gnu99;
				GCC_DYNAMIC_NO_PIC = NO;
				GCC_NO_COMMON_BLOCKS = YES;
				GCC_OPTIMIZATION_LEVEL = 0;
				GCC_PREPROCESSOR_DEFINITIONS = (
					"DEBUG=1",
					"$(inherited)",
				);
				GCC_WARN_64_TO_32_BIT_CONVERSION = YES;
				GCC_WARN_ABOUT_RETURN_TYPE = YES_ERROR;
				GCC_WARN_UNDECLARED_SELECTOR = YES;
				GCC_WARN_UNINITIALIZED_AUTOS = YES_AGGRESSIVE;
				GCC_WARN_UNUSED_FUNCTION = YES;
				GCC_WARN_UNUSED_VARIABLE = YES;
				IPHONEOS_DEPLOYMENT_TARGET = 10.2;
				MTL_ENABLE_DEBUG_INFO = YES;
				ONLY_ACTIVE_ARCH = YES;
				SDKROOT = iphoneos;
			};
			name = Debug;
		};
		F3C9D89F1E291C7700B0F329 /* Release */ = {
			isa = XCBuildConfiguration;
			buildSettings = {
				ALWAYS_SEARCH_USER_PATHS = NO;
				CLANG_ANALYZER_NONNULL = YES;
				CLANG_CXX_LANGUAGE_STANDARD = "gnu++0x";
				CLANG_CXX_LIBRARY = "libc++";
				CLANG_ENABLE_MODULES = YES;
				CLANG_ENABLE_OBJC_ARC = YES;
				CLANG_WARN_BOOL_CONVERSION = YES;
				CLANG_WARN_CONSTANT_CONVERSION = YES;
				CLANG_WARN_DIRECT_OBJC_ISA_USAGE = YES_ERROR;
				CLANG_WARN_DOCUMENTATION_COMMENTS = YES;
				CLANG_WARN_EMPTY_BODY = YES;
				CLANG_WARN_ENUM_CONVERSION = YES;
				CLANG_WARN_INFINITE_RECURSION = YES;
				CLANG_WARN_INT_CONVERSION = YES;
				CLANG_WARN_OBJC_ROOT_CLASS = YES_ERROR;
				CLANG_WARN_SUSPICIOUS_MOVE = YES;
				CLANG_WARN_UNREACHABLE_CODE = YES;
				CLANG_WARN__DUPLICATE_METHOD_MATCH = YES;
				"CODE_SIGN_IDENTITY[sdk=iphoneos*]" = "iPhone Developer";
				COPY_PHASE_STRIP = NO;
				DEBUG_INFORMATION_FORMAT = "dwarf-with-dsym";
				ENABLE_NS_ASSERTIONS = NO;
				ENABLE_STRICT_OBJC_MSGSEND = YES;
				GCC_C_LANGUAGE_STANDARD = gnu99;
				GCC_NO_COMMON_BLOCKS = YES;
				GCC_WARN_64_TO_32_BIT_CONVERSION = YES;
				GCC_WARN_ABOUT_RETURN_TYPE = YES_ERROR;
				GCC_WARN_UNDECLARED_SELECTOR = YES;
				GCC_WARN_UNINITIALIZED_AUTOS = YES_AGGRESSIVE;
				GCC_WARN_UNUSED_FUNCTION = YES;
				GCC_WARN_UNUSED_VARIABLE = YES;
				IPHONEOS_DEPLOYMENT_TARGET = 10.2;
				MTL_ENABLE_DEBUG_INFO = NO;
				SDKROOT = iphoneos;
				VALIDATE_PRODUCT = YES;
			};
			name = Release;
		};
		F3C9D8A11E291C7700B0F329 /* Debug */ = {
			isa = XCBuildConfiguration;
			buildSettings = {
				ASSETCATALOG_COMPILER_APPICON_NAME = AppIcon;
				INFOPLIST_FILE = TapChallengeEX/Info.plist;
				LD_RUNPATH_SEARCH_PATHS = "$(inherited) @executable_path/Frameworks";
				PRODUCT_BUNDLE_IDENTIFIER = com.reginato.TapChallengeEX;
				PRODUCT_NAME = "$(TARGET_NAME)";
			};
			name = Debug;
		};
		F3C9D8A21E291C7700B0F329 /* Release */ = {
			isa = XCBuildConfiguration;
			buildSettings = {
				ASSETCATALOG_COMPILER_APPICON_NAME = AppIcon;
				INFOPLIST_FILE = TapChallengeEX/Info.plist;
				LD_RUNPATH_SEARCH_PATHS = "$(inherited) @executable_path/Frameworks";
				PRODUCT_BUNDLE_IDENTIFIER = com.reginato.TapChallengeEX;
				PRODUCT_NAME = "$(TARGET_NAME)";
			};
			name = Release;
		};
/* End XCBuildConfiguration section */

/* Begin XCConfigurationList section */
		F3C9D8841E291C7700B0F329 /* Build configuration list for PBXProject "TapChallengeEX" */ = {
			isa = XCConfigurationList;
			buildConfigurations = (
				F3C9D89E1E291C7700B0F329 /* Debug */,
				F3C9D89F1E291C7700B0F329 /* Release */,
			);
			defaultConfigurationIsVisible = 0;
			defaultConfigurationName = Release;
		};
		F3C9D8A01E291C7700B0F329 /* Build configuration list for PBXNativeTarget "TapChallengeEX" */ = {
			isa = XCConfigurationList;
			buildConfigurations = (
				F3C9D8A11E291C7700B0F329 /* Debug */,
				F3C9D8A21E291C7700B0F329 /* Release */,
			);
			defaultConfigurationIsVisible = 0;
			defaultConfigurationName = Release;
		};
/* End XCConfigurationList section */
	};
	rootObject = F3C9D8811E291C7700B0F329 /* Project object */;
}
